
Microsoft Visual Studio Solution File, Format Version 12.00
# Visual Studio Version 17
VisualStudioVersion = 17.14.36603.0
MinimumVisualStudioVersion = 10.0.40219.1
Project("{FAE04EC0-301F-11D3-BF4B-00C04F79EFBC}") = "ConsoleApplication1", "ConsoleApplication1\ConsoleApplication1.csproj", "{1339A443-2D8A-4FCE-B708-C8B51968509F}"
EndProject
Project("{FAE04EC0-301F-11D3-BF4B-00C04F79EFBC}") = "QuizDesktopApp", "QuizDesktopApp\QuizDesktopApp.csproj", "{68CED7DA-68CA-413B-B1ED-4E4391DFEA92}"
EndProject
Project("{FAE04EC0-301F-11D3-BF4B-00C04F79EFBC}") = "QuizLibrary", "QuizLibrary\QuizLibrary.csproj", "{BD5324E3-7D15-4647-8575-BBB35F774784}"
EndProject
Project("{FAE04EC0-301F-11D3-BF4B-00C04F79EFBC}") = "EntityFrameworkQuizLibrary", "EntityFrameworkQuizLibrary\EntityFrameworkQuizLibrary.csproj", "{2F8F05A6-6635-4BD8-96A4-98AFCC12A5B9}"
EndProject
Project("{FAE04EC0-301F-11D3-BF4B-00C04F79EFBC}") = "QuizApi", "QuizApi\QuizApi.csproj", "{A268748A-4C1B-4562-B72B-70D233962543}"
EndProject
Project("{FAE04EC0-301F-11D3-BF4B-00C04F79EFBC}") = "OnlineShop.Data", "OnlineShop.Data\OnlineShop.Data.csproj", "{DB50F7B2-DF8D-4263-8EF5-D5159810AFA1}"
EndProject
Project("{FAE04EC0-301F-11D3-BF4B-00C04F79EFBC}") = "OnlineShopApi", "OnlineShopApi\OnlineShopApi.csproj", "{3CA26583-F5E5-4202-858E-C65111C3FD6B}"
EndProject
Global
	GlobalSection(SolutionConfigurationPlatforms) = preSolution
		Debug|Any CPU = Debug|Any CPU
		Release|Any CPU = Release|Any CPU
	EndGlobalSection
	GlobalSection(ProjectConfigurationPlatforms) = postSolution
		{1339A443-2D8A-4FCE-B708-C8B51968509F}.Debug|Any CPU.ActiveCfg = Debug|Any CPU
		{1339A443-2D8A-4FCE-B708-C8B51968509F}.Debug|Any CPU.Build.0 = Debug|Any CPU
		{1339A443-2D8A-4FCE-B708-C8B51968509F}.Release|Any CPU.ActiveCfg = Release|Any CPU
		{1339A443-2D8A-4FCE-B708-C8B51968509F}.Release|Any CPU.Build.0 = Release|Any CPU
		{68CED7DA-68CA-413B-B1ED-4E4391DFEA92}.Debug|Any CPU.ActiveCfg = Debug|Any CPU
		{68CED7DA-68CA-413B-B1ED-4E4391DFEA92}.Debug|Any CPU.Build.0 = Debug|Any CPU
		{68CED7DA-68CA-413B-B1ED-4E4391DFEA92}.Release|Any CPU.ActiveCfg = Release|Any CPU
		{68CED7DA-68CA-413B-B1ED-4E4391DFEA92}.Release|Any CPU.Build.0 = Release|Any CPU
		{BD5324E3-7D15-4647-8575-BBB35F774784}.Debug|Any CPU.ActiveCfg = Debug|Any CPU
		{BD5324E3-7D15-4647-8575-BBB35F774784}.Debug|Any CPU.Build.0 = Debug|Any CPU
		{BD5324E3-7D15-4647-8575-BBB35F774784}.Release|Any CPU.ActiveCfg = Release|Any CPU
		{BD5324E3-7D15-4647-8575-BBB35F774784}.Release|Any CPU.Build.0 = Release|Any CPU
		{2F8F05A6-6635-4BD8-96A4-98AFCC12A5B9}.Debug|Any CPU.ActiveCfg = Debug|Any CPU
		{2F8F05A6-6635-4BD8-96A4-98AFCC12A5B9}.Debug|Any CPU.Build.0 = Debug|Any CPU
		{2F8F05A6-6635-4BD8-96A4-98AFCC12A5B9}.Release|Any CPU.ActiveCfg = Release|Any CPU
		{2F8F05A6-6635-4BD8-96A4-98AFCC12A5B9}.Release|Any CPU.Build.0 = Release|Any CPU
		{A268748A-4C1B-4562-B72B-70D233962543}.Debug|Any CPU.ActiveCfg = Debug|Any CPU
		{A268748A-4C1B-4562-B72B-70D233962543}.Debug|Any CPU.Build.0 = Debug|Any CPU
		{A268748A-4C1B-4562-B72B-70D233962543}.Release|Any CPU.ActiveCfg = Release|Any CPU
		{A268748A-4C1B-4562-B72B-70D233962543}.Release|Any CPU.Build.0 = Release|Any CPU
		{DB50F7B2-DF8D-4263-8EF5-D5159810AFA1}.Debug|Any CPU.ActiveCfg = Debug|Any CPU
		{DB50F7B2-DF8D-4263-8EF5-D5159810AFA1}.Debug|Any CPU.Build.0 = Debug|Any CPU
		{DB50F7B2-DF8D-4263-8EF5-D5159810AFA1}.Release|Any CPU.ActiveCfg = Release|Any CPU
		{DB50F7B2-DF8D-4263-8EF5-D5159810AFA1}.Release|Any CPU.Build.0 = Release|Any CPU
		{3CA26583-F5E5-4202-858E-C65111C3FD6B}.Debug|Any CPU.ActiveCfg = Debug|Any CPU
		{3CA26583-F5E5-4202-858E-C65111C3FD6B}.Debug|Any CPU.Build.0 = Debug|Any CPU
		{3CA26583-F5E5-4202-858E-C65111C3FD6B}.Release|Any CPU.ActiveCfg = Release|Any CPU
		{3CA26583-F5E5-4202-858E-C65111C3FD6B}.Release|Any CPU.Build.0 = Release|Any CPU
	EndGlobalSection
	GlobalSection(SolutionProperties) = preSolution
		HideSolutionNode = FALSE
	EndGlobalSection
	GlobalSection(ExtensibilityGlobals) = postSolution
		SolutionGuid = {3E044A15-7663-4917-9387-58BC4BF77B54}
	EndGlobalSection
EndGlobal
